lockfileVersion: '9.0'

settings:
  autoInstallPeers: true
  excludeLinksFromLockfile: false

importers:

  .:
    dependencies:
      use-debounce:
        specifier: ^10.0.6
        version: 10.0.6(react@19.2.0)

packages:

  react@19.2.0:
    resolution: {integrity: sha512-tmbWg6W31tQLeB5cdIBOicJDJRR2KzXsV7uSK9iNfLWQ5bIZfxuPEHp7M8wiHyHnn0DD1i7w3Zmin0FtkrwoCQ==}
    engines: {node: '>=0.10.0'}

  use-debounce@10.0.6:
    resolution: {integrity: sha512-C5OtPyhAZgVoteO9heXMTdW7v/IbFI+8bSVKYCJrSmiWWCLsbUxiBSp4t9v0hNBTGY97bT72ydDIDyGSFWfwXg==}
    engines: {node: '>= 16.0.0'}
    peerDependencies:
      react: '*'

snapshots:

  react@19.2.0: {}

  use-debounce@10.0.6(react@19.2.0):
    dependencies:
      react: 19.2.0
